// !$*UTF8*$!
{
	archiveVersion = 1;
	classes = {
	};
	objectVersion = 46;
	objects = {

/* Begin PBXBuildFile section */
		F5FAB0C01A3B753E008510B6 /* main.m in Sources */ = {isa = PBXBuildFile; fileRef = F5FAB0BF1A3B753E008510B6 /* main.m */; };
		F5FAB0EE1A3B7692008510B6 /* AppDelegate.m in Sources */ = {isa = PBXBuildFile; fileRef = F5FAB0E81A3B7692008510B6 /* AppDelegate.m */; };
		F5FAB0EF1A3B7692008510B6 /* MainViewController.m in Sources */ = {isa = PBXBuildFile; fileRef = F5FAB0EC1A3B7692008510B6 /* MainViewController.m */; };
		F5FAB0F61A3B7698008510B6 /* Images.xcassets in Resources */ = {isa = PBXBuildFile; fileRef = F5FAB0F41A3B7698008510B6 /* Images.xcassets */; };
		F5FAB0FA1A3B77BB008510B6 /* LaunchScreen.xib in Resources */ = {isa = PBXBuildFile; fileRef = F5FAB0F81A3B77BB008510B6 /* LaunchScreen.xib */; };
		F5FAB0FD1A3B77CE008510B6 /* MainViewController.xib in Resources */ = {isa = PBXBuildFile; fileRef = F5FAB0FB1A3B77CE008510B6 /* MainViewController.xib */; };
		F5FAB1001A3B7846008510B6 /* ComboBoxView.m in Sources */ = {isa = PBXBuildFile; fileRef = F5FAB0FF1A3B7846008510B6 /* ComboBoxView.m */; };
		F5FDA3621A4D4BCE009DC9A8 /* comboDropIndicator.png in Resources */ = {isa = PBXBuildFile; fileRef = F5FDA3611A4D4BCE009DC9A8 /* comboDropIndicator.png */; };
/* End PBXBuildFile section */

/* Begin PBXFileReference section */
		F5FAB0BA1A3B753E008510B6 /* ComboBox.app */ = {isa = PBXFileReference; explicitFileType = wrapper.application; includeInIndex = 0; path = ComboBox.app; sourceTree = BUILT_PRODUCTS_DIR; };
		F5FAB0BE1A3B753E008510B6 /* Info.plist */ = {isa = PBXFileReference; lastKnownFileType = text.plist.xml; path = Info.plist; sourceTree = "<group>"; };
		F5FAB0BF1A3B753E008510B6 /* main.m */ = {isa = PBXFileReference; lastKnownFileType = sourcecode.c.objc; path = main.m; sourceTree = "<group>"; };
		F5FAB0E41A3B7599008510B6 /* ComboBox-Prefix.pch */ = {isa = PBXFileReference; lastKnownFileType = sourcecode.c.h; path = "ComboBox-Prefix.pch"; sourceTree = "<group>"; };
		F5FAB0E71A3B7692008510B6 /* AppDelegate.h */ = {isa = PBXFileReference; fileEncoding = 4; lastKnownFileType = sourcecode.c.h; path = AppDelegate.h; sourceTree = "<group>"; };
		F5FAB0E81A3B7692008510B6 /* AppDelegate.m */ = {isa = PBXFileReference; fileEncoding = 4; lastKnownFileType = sourcecode.c.objc; path = AppDelegate.m; sourceTree = "<group>"; };
		F5FAB0EB1A3B7692008510B6 /* MainViewController.h */ = {isa = PBXFileReference; fileEncoding = 4; lastKnownFileType = sourcecode.c.h; path = MainViewController.h; sourceTree = "<group>"; };
		F5FAB0EC1A3B7692008510B6 /* MainViewController.m */ = {isa = PBXFileReference; fileEncoding = 4; lastKnownFileType = sourcecode.c.objc; path = MainViewController.m; sourceTree = "<group>"; };
		F5FAB0F41A3B7698008510B6 /* Images.xcassets */ = {isa = PBXFileReference; lastKnownFileType = folder.assetcatalog; path = Images.xcassets; sourceTree = "<group>"; };
		F5FAB0F91A3B77BB008510B6 /* Base */ = {isa = PBXFileReference; lastKnownFileType = file.xib; name = Base; path = Base.lproj/LaunchScreen.xib; sourceTree = "<group>"; };
		F5FAB0FC1A3B77CE008510B6 /* Base */ = {isa = PBXFileReference; lastKnownFileType = file.xib; name = Base; path = Base.lproj/MainViewController.xib; sourceTree = "<group>"; };
		F5FAB0FE1A3B7846008510B6 /* ComboBoxView.h */ = {isa = PBXFileReference; fileEncoding = 4; lastKnownFileType = sourcecode.c.h; path = ComboBoxView.h; sourceTree = "<group>"; };
		F5FAB0FF1A3B7846008510B6 /* ComboBoxView.m */ = {isa = PBXFileReference; fileEncoding = 4; lastKnownFileType = sourcecode.c.objc; path = ComboBoxView.m; sourceTree = "<group>"; };
		F5FDA3611A4D4BCE009DC9A8 /* comboDropIndicator.png */ = {isa = PBXFileReference; lastKnownFileType = image.png; path = comboDropIndicator.png; sourceTree = "<group>"; };
/* End PBXFileReference section */

/* Begin PBXFrameworksBuildPhase section */
		F5FAB0B71A3B753E008510B6 /* Frameworks */ = {
			isa = PBXFrameworksBuildPhase;
			buildActionMask = 2147483647;
			files = (
			);
			runOnlyForDeploymentPostprocessing = 0;
		};
/* End PBXFrameworksBuildPhase section */

/* Begin PBXGroup section */
		F5FAB0B11A3B753E008510B6 = {
			isa = PBXGroup;
			children = (
				F5FAB0BC1A3B753E008510B6 /* ComboBox */,
				F5FAB0BB1A3B753E008510B6 /* Products */,
			);
			sourceTree = "<group>";
		};
		F5FAB0BB1A3B753E008510B6 /* Products */ = {
			isa = PBXGroup;
			children = (
				F5FAB0BA1A3B753E008510B6 /* ComboBox.app */,
			);
			name = Products;
			sourceTree = "<group>";
		};
		F5FAB0BC1A3B753E008510B6 /* ComboBox */ = {
			isa = PBXGroup;
			children = (
				F5FAB0E51A3B7692008510B6 /* Classes */,
				F5FAB0BD1A3B753E008510B6 /* Supporting Files */,
			);
			path = ComboBox;
			sourceTree = "<group>";
		};
		F5FAB0BD1A3B753E008510B6 /* Supporting Files */ = {
			isa = PBXGroup;
			children = (
				F5FAB0F01A3B7698008510B6 /* Resources */,
				F5FAB0BE1A3B753E008510B6 /* Info.plist */,
				F5FAB0BF1A3B753E008510B6 /* main.m */,
				F5FAB0E41A3B7599008510B6 /* ComboBox-Prefix.pch */,
			);
			name = "Supporting Files";
			sourceTree = "<group>";
		};
		F5FAB0E51A3B7692008510B6 /* Classes */ = {
			isa = PBXGroup;
			children = (
				F5FAB0E61A3B7692008510B6 /* AppDelegate */,
				F5FAB0E91A3B7692008510B6 /* Controllers */,
				F5FAB0ED1A3B7692008510B6 /* CustomViews */,
			);
			path = Classes;
			sourceTree = "<group>";
		};
		F5FAB0E61A3B7692008510B6 /* AppDelegate */ = {
			isa = PBXGroup;
			children = (
				F5FAB0E71A3B7692008510B6 /* AppDelegate.h */,
				F5FAB0E81A3B7692008510B6 /* AppDelegate.m */,
			);
			path = AppDelegate;
			sourceTree = "<group>";
		};
		F5FAB0E91A3B7692008510B6 /* Controllers */ = {
			isa = PBXGroup;
			children = (
				F5FAB0EA1A3B7692008510B6 /* MainViewController */,
			);
			path = Controllers;
			sourceTree = "<group>";
		};
		F5FAB0EA1A3B7692008510B6 /* MainViewController */ = {
			isa = PBXGroup;
			children = (
				F5FAB0EB1A3B7692008510B6 /* MainViewController.h */,
				F5FAB0EC1A3B7692008510B6 /* MainViewController.m */,
			);
			path = MainViewController;
			sourceTree = "<group>";
		};
		F5FAB0ED1A3B7692008510B6 /* CustomViews */ = {
			isa = PBXGroup;
			children = (
				F5FAB0FE1A3B7846008510B6 /* ComboBoxView.h */,
				F5FAB0FF1A3B7846008510B6 /* ComboBoxView.m */,
			);
			path = CustomViews;
			sourceTree = "<group>";
		};
		F5FAB0F01A3B7698008510B6 /* Resources */ = {
			isa = PBXGroup;
			children = (
				F5FAB0F71A3B77BB008510B6 /* Nibs */,
				F5FAB0F31A3B7698008510B6 /* Images */,
			);
			path = Resources;
			sourceTree = "<group>";
		};
		F5FAB0F31A3B7698008510B6 /* Images */ = {
			isa = PBXGroup;
			children = (
				F5FDA3611A4D4BCE009DC9A8 /* comboDropIndicator.png */,
				F5FAB0F41A3B7698008510B6 /* Images.xcassets */,
			);
			path = Images;
			sourceTree = "<group>";
		};
		F5FAB0F71A3B77BB008510B6 /* Nibs */ = {
			isa = PBXGroup;
			children = (
				F5FAB0F81A3B77BB008510B6 /* LaunchScreen.xib */,
				F5FAB0FB1A3B77CE008510B6 /* MainViewController.xib */,
			);
			path = Nibs;
			sourceTree = "<group>";
		};
/* End PBXGroup section */

/* Begin PBXNativeTarget section */
		F5FAB0B91A3B753E008510B6 /* ComboBox */ = {
			isa = PBXNativeTarget;
			buildConfigurationList = F5FAB0DD1A3B753E008510B6 /* Build configuration list for PBXNativeTarget "ComboBox" */;
			buildPhases = (
				F5FAB0B61A3B753E008510B6 /* Sources */,
				F5FAB0B71A3B753E008510B6 /* Frameworks */,
				F5FAB0B81A3B753E008510B6 /* Resources */,
			);
			buildRules = (
			);
			dependencies = (
			);
			name = ComboBox;
			productName = ComboBox;
			productReference = F5FAB0BA1A3B753E008510B6 /* ComboBox.app */;
			productType = "com.apple.product-type.application";
		};
/* End PBXNativeTarget section */

/* Begin PBXProject section */
		F5FAB0B21A3B753E008510B6 /* Project object */ = {
			isa = PBXProject;
			attributes = {
				LastUpgradeCheck = 0610;
				ORGANIZATIONNAME = "Vikas Jalan";
				TargetAttributes = {
					F5FAB0B91A3B753E008510B6 = {
						CreatedOnToolsVersion = 6.1;
					};
				};
			};
			buildConfigurationList = F5FAB0B51A3B753E008510B6 /* Build configuration list for PBXProject "ComboBox" */;
			compatibilityVersion = "Xcode 3.2";
			developmentRegion = English;
			hasScannedForEncodings = 0;
			knownRegions = (
				en,
				Base,
			);
			mainGroup = F5FAB0B11A3B753E008510B6;
			productRefGroup = F5FAB0BB1A3B753E008510B6 /* Products */;
			projectDirPath = "";
			projectRoot = "";
			targets = (
				F5FAB0B91A3B753E008510B6 /* ComboBox */,
			);
		};
/* End PBXProject section */

/* Begin PBXResourcesBuildPhase section */
		F5FAB0B81A3B753E008510B6 /* Resources */ = {
			isa = PBXResourcesBuildPhase;
			buildActionMask = 2147483647;
			files = (
				F5FAB0FA1A3B77BB008510B6 /* LaunchScreen.xib in Resources */,
				F5FAB0FD1A3B77CE008510B6 /* MainViewController.xib in Resources */,
				F5FAB0F61A3B7698008510B6 /* Images.xcassets in Resources */,
				F5FDA3621A4D4BCE009DC9A8 /* comboDropIndicator.png in Resources */,
			);
			runOnlyForDeploymentPostprocessing = 0;
		};
/* End PBXResourcesBuildPhase section */

/* Begin PBXSourcesBuildPhase section */
		F5FAB0B61A3B753E008510B6 /* Sources */ = {
			isa = PBXSourcesBuildPhase;
			buildActionMask = 2147483647;
			files = (
				F5FAB0EF1A3B7692008510B6 /* MainViewController.m in Sources */,
				F5FAB1001A3B7846008510B6 /* ComboBoxView.m in Sources */,
				F5FAB0EE1A3B7692008510B6 /* AppDelegate.m in Sources */,
				F5FAB0C01A3B753E008510B6 /* main.m in Sources */,
			);
			runOnlyForDeploymentPostprocessing = 0;
		};
/* End PBXSourcesBuildPhase section */

/* Begin PBXVariantGroup section */
		F5FAB0F81A3B77BB008510B6 /* LaunchScreen.xib */ = {
			isa = PBXVariantGroup;
			children = (
				F5FAB0F91A3B77BB008510B6 /* Base */,
			);
			name = LaunchScreen.xib;
			sourceTree = "<group>";
		};
		F5FAB0FB1A3B77CE008510B6 /* MainViewController.xib */ = {
			isa = PBXVariantGroup;
			children = (
				F5FAB0FC1A3B77CE008510B6 /* Base */,
			);
			name = MainViewController.xib;
			sourceTree = "<group>";
		};
/* End PBXVariantGroup section */

/* Begin XCBuildConfiguration section */
		F5FAB0DB1A3B753E008510B6 /* Debug */ = {
			isa = XCBuildConfiguration;
			buildSettings = {
				ALWAYS_SEARCH_USER_PATHS = NO;
				CLANG_CXX_LANGUAGE_STANDARD = "gnu++0x";
				CLANG_CXX_LIBRARY = "libc++";
				CLANG_ENABLE_MODULES = YES;
				CLANG_ENABLE_OBJC_ARC = YES;
				CLANG_WARN_BOOL_CONVERSION = YES;
				CLANG_WARN_CONSTANT_CONVERSION = YES;
				CLANG_WARN_DIRECT_OBJC_ISA_USAGE = YES_ERROR;
				CLANG_WARN_EMPTY_BODY = YES;
				CLANG_WARN_ENUM_CONVERSION = YES;
				CLANG_WARN_INT_CONVERSION = YES;
				CLANG_WARN_OBJC_ROOT_CLASS = YES_ERROR;
				CLANG_WARN_UNREACHABLE_CODE = YES;
				CLANG_WARN__DUPLICATE_METHOD_MATCH = YES;
				"CODE_SIGN_IDENTITY[sdk=iphoneos*]" = "iPhone Developer";
				COPY_PHASE_STRIP = NO;
				ENABLE_STRICT_OBJC_MSGSEND = YES;
				GCC_C_LANGUAGE_STANDARD = gnu99;
				GCC_DYNAMIC_NO_PIC = NO;
				GCC_OPTIMIZATION_LEVEL = 0;
				GCC_PREPROCESSOR_DEFINITIONS = (
					"DEBUG=1",
					"$(inherited)",
				);
				GCC_SYMBOLS_PRIVATE_EXTERN = NO;
				GCC_WARN_64_TO_32_BIT_CONVERSION = YES;
				GCC_WARN_ABOUT_RETURN_TYPE = YES_ERROR;
				GCC_WARN_UNDECLARED_SELECTOR = YES;
				GCC_WARN_UNINITIALIZED_AUTOS = YES_AGGRESSIVE;
				GCC_WARN_UNUSED_FUNCTION = YES;
				GCC_WARN_UNUSED_VARIABLE = YES;
				IPHONEOS_DEPLOYMENT_TARGET = 8.1;
				MTL_ENABLE_DEBUG_INFO = YES;
				ONLY_ACTIVE_ARCH = YES;
				SDKROOT = iphoneos;
				TARGETED_DEVICE_FAMILY = "1,2";
			};
			name = Debug;
		};
		F5FAB0DC1A3B753E008510B6 /* Release */ = {
			isa = XCBuildConfiguration;
			buildSettings = {
				ALWAYS_SEARCH_USER_PATHS = NO;
				CLANG_CXX_LANGUAGE_STANDARD = "gnu++0x";
				CLANG_CXX_LIBRARY = "libc++";
				CLANG_ENABLE_MODULES = YES;
				CLANG_ENABLE_OBJC_ARC = YES;
				CLANG_WARN_BOOL_CONVERSION = YES;
				CLANG_WARN_CONSTANT_CONVERSION = YES;
				CLANG_WARN_DIRECT_OBJC_ISA_USAGE = YES_ERROR;
				CLANG_WARN_EMPTY_BODY = YES;
				CLANG_WARN_ENUM_CONVERSION = YES;
				CLANG_WARN_INT_CONVERSION = YES;
				CLANG_WARN_OBJC_ROOT_CLASS = YES_ERROR;
				CLANG_WARN_UNREACHABLE_CODE = YES;
				CLANG_WARN__DUPLICATE_METHOD_MATCH = YES;
				"CODE_SIGN_IDENTITY[sdk=iphoneos*]" = "iPhone Developer";
				COPY_PHASE_STRIP = YES;
				ENABLE_NS_ASSERTIONS = NO;
				ENABLE_STRICT_OBJC_MSGSEND = YES;
				GCC_C_LANGUAGE_STANDARD = gnu99;
				GCC_WARN_64_TO_32_BIT_CONVERSION = YES;
				GCC_WARN_ABOUT_RETURN_TYPE = YES_ERROR;
				GCC_WARN_UNDECLARED_SELECTOR = YES;
				GCC_WARN_UNINITIALIZED_AUTOS = YES_AGGRESSIVE;
				GCC_WARN_UNUSED_FUNCTION = YES;
				GCC_WARN_UNUSED_VARIABLE = YES;
				IPHONEOS_DEPLOYMENT_TARGET = 8.1;
				MTL_ENABLE_DEBUG_INFO = NO;
				SDKROOT = iphoneos;
				TARGETED_DEVICE_FAMILY = "1,2";
				VALIDATE_PRODUCT = YES;
			};
			name = Release;
		};
		F5FAB0DE1A3B753E008510B6 /* Debug */ = {
			isa = XCBuildConfiguration;
			buildSettings = {
				ASSETCATALOG_COMPILER_APPICON_NAME = AppIcon;
				GCC_PREFIX_HEADER = "ComboBox/ComboBox-Prefix.pch";
				INFOPLIST_FILE = ComboBox/Info.plist;
				LD_RUNPATH_SEARCH_PATHS = "$(inherited) @executable_path/Frameworks";
				PRODUCT_NAME = "$(TARGET_NAME)";
			};
			name = Debug;
		};
		F5FAB0DF1A3B753E008510B6 /* Release */ = {
			isa = XCBuildConfiguration;
			buildSettings = {
				ASSETCATALOG_COMPILER_APPICON_NAME = AppIcon;
				GCC_PREFIX_HEADER = "ComboBox/ComboBox-Prefix.pch";
				INFOPLIST_FILE = ComboBox/Info.plist;
				LD_RUNPATH_SEARCH_PATHS = "$(inherited) @executable_path/Frameworks";
				PRODUCT_NAME = "$(TARGET_NAME)";
			};
			name = Release;
		};
/* End XCBuildConfiguration section */

/* Begin XCConfigurationList section */
		F5FAB0B51A3B753E008510B6 /* Build configuration list for PBXProject "ComboBox" */ = {
			isa = XCConfigurationList;
			buildConfigurations = (
				F5FAB0DB1A3B753E008510B6 /* Debug */,
				F5FAB0DC1A3B753E008510B6 /* Release */,
			);
			defaultConfigurationIsVisible = 0;
			defaultConfigurationName = Release;
		};
		F5FAB0DD1A3B753E008510B6 /* Build configuration list for PBXNativeTarget "ComboBox" */ = {
			isa = XCConfigurationList;
			buildConfigurations = (
				F5FAB0DE1A3B753E008510B6 /* Debug */,
				F5FAB0DF1A3B753E008510B6 /* Release */,
			);
			defaultConfigurationIsVisible = 0;
			defaultConfigurationName = Release;
		};
/* End XCConfigurationList section */
	};
	rootObject = F5FAB0B21A3B753E008510B6 /* Project object */;
}
